
Microsoft Visual Studio Solution File, Format Version 12.00
# Visual Studio Version 17
VisualStudioVersion = 17.5.002.0
MinimumVisualStudioVersion = 10.0.40219.1
Project("{9A19103F-16F7-4668-BE54-9A1E7A4F7556}") = "practica2_banco_antaurco", "practica2_banco_antaurco.csproj", "{8BD19744-9DD0-417A-AC69-F4873CE978D3}"
EndProject
Global
	GlobalSection(SolutionConfigurationPlatforms) = preSolution
		Debug|Any CPU = Debug|Any CPU
		Release|Any CPU = Release|Any CPU
	EndGlobalSection
	GlobalSection(ProjectConfigurationPlatforms) = postSolution
		{8BD19744-9DD0-417A-AC69-F4873CE978D3}.Debug|Any CPU.ActiveCfg = Debug|Any CPU
		{8BD19744-9DD0-417A-AC69-F4873CE978D3}.Debug|Any CPU.Build.0 = Debug|Any CPU
		{8BD19744-9DD0-417A-AC69-F4873CE978D3}.Release|Any CPU.ActiveCfg = Release|Any CPU
		{8BD19744-9DD0-417A-AC69-F4873CE978D3}.Release|Any CPU.Build.0 = Release|Any CPU
	EndGlobalSection
	GlobalSection(SolutionProperties) = preSolution
		HideSolutionNode = FALSE
	EndGlobalSection
	GlobalSection(ExtensibilityGlobals) = postSolution
		SolutionGuid = {E2B82D2B-5E64-4CD3-8DF8-A55E21BCB53D}
	EndGlobalSection
EndGlobal
